
Microsoft Visual Studio Solution File, Format Version 12.00
# Visual Studio 14
VisualStudioVersion = 14.0.23107.0
MinimumVisualStudioVersion = 10.0.40219.1
Project("{FAE04EC0-301F-11D3-BF4B-00C04F79EFBC}") = "DisasterAssistance", "DisasterAssistance\DisasterAssistance.csproj", "{16C066A7-8A99-4EF1-8E16-E8C441DDD68B}"
EndProject
Project("{00D1A9C2-B5F0-4AF3-8072-F6C62B433612}") = "DisasterAssistanceDB", "Database1\DisasterAssistanceDB.sqlproj", "{C55AD037-AB47-4C78-B9BE-DC677CEE7EA2}"
EndProject
Global
	GlobalSection(SolutionConfigurationPlatforms) = preSolution
		Debug|Any CPU = Debug|Any CPU
		Release|Any CPU = Release|Any CPU
	EndGlobalSection
	GlobalSection(ProjectConfigurationPlatforms) = postSolution
		{16C066A7-8A99-4EF1-8E16-E8C441DDD68B}.Debug|Any CPU.ActiveCfg = Debug|Any CPU
		{16C066A7-8A99-4EF1-8E16-E8C441DDD68B}.Debug|Any CPU.Build.0 = Debug|Any CPU
		{16C066A7-8A99-4EF1-8E16-E8C441DDD68B}.Release|Any CPU.ActiveCfg = Release|Any CPU
		{16C066A7-8A99-4EF1-8E16-E8C441DDD68B}.Release|Any CPU.Build.0 = Release|Any CPU
		{C55AD037-AB47-4C78-B9BE-DC677CEE7EA2}.Debug|Any CPU.ActiveCfg = Debug|Any CPU
		{C55AD037-AB47-4C78-B9BE-DC677CEE7EA2}.Debug|Any CPU.Build.0 = Debug|Any CPU
		{C55AD037-AB47-4C78-B9BE-DC677CEE7EA2}.Debug|Any CPU.Deploy.0 = Debug|Any CPU
		{C55AD037-AB47-4C78-B9BE-DC677CEE7EA2}.Release|Any CPU.ActiveCfg = Release|Any CPU
		{C55AD037-AB47-4C78-B9BE-DC677CEE7EA2}.Release|Any CPU.Build.0 = Release|Any CPU
		{C55AD037-AB47-4C78-B9BE-DC677CEE7EA2}.Release|Any CPU.Deploy.0 = Release|Any CPU
	EndGlobalSection
	GlobalSection(SolutionProperties) = preSolution
		HideSolutionNode = FALSE
	EndGlobalSection
EndGlobal
